
Microsoft Visual Studio Solution File, Format Version 12.00
# Visual Studio Version 16
VisualStudioVersion = 16.0.29209.62
MinimumVisualStudioVersion = 10.0.40219.1
Project("{8BC9CEB8-8B4A-11D0-8D11-00A0C91BC942}") = "PiWeb.Volume.Core", "PiWeb.Volume.Core\PiWeb.Volume.Core.vcxproj", "{7BC35A03-B0E0-4182-80E1-A50A2CB5A5E3}"
EndProject
Project("{FAE04EC0-301F-11D3-BF4B-00C04F79EFBC}") = "PiWeb.Volume", "PiWeb.Volume\PiWeb.Volume.csproj", "{EE00A737-6B2B-4EE2-800F-21C8E7CB30E5}"
	ProjectSection(ProjectDependencies) = postProject
		{7BC35A03-B0E0-4182-80E1-A50A2CB5A5E3} = {7BC35A03-B0E0-4182-80E1-A50A2CB5A5E3}
	EndProjectSection
EndProject
Project("{FAE04EC0-301F-11D3-BF4B-00C04F79EFBC}") = "PiWeb.Volume.UI", "PiWeb.Volume.UI\PiWeb.Volume.UI.csproj", "{990AFF9C-CA6F-4E61-8A67-C5C29184A0AC}"
EndProject
Global
	GlobalSection(SolutionConfigurationPlatforms) = preSolution
		Release|x64 = Release|x64
		Debug|x64 = Debug|x64
	EndGlobalSection
	GlobalSection(ProjectConfigurationPlatforms) = postSolution
		{EE00A737-6B2B-4EE2-800F-21C8E7CB30E5}.Release|x64.ActiveCfg = Release|x64
		{EE00A737-6B2B-4EE2-800F-21C8E7CB30E5}.Release|x64.Build.0 = Release|x64
		{EE00A737-6B2B-4EE2-800F-21C8E7CB30E5}.Debug|x64.ActiveCfg = Debug|x64
		{EE00A737-6B2B-4EE2-800F-21C8E7CB30E5}.Debug|x64.Build.0 = Debug|x64
		{7BC35A03-B0E0-4182-80E1-A50A2CB5A5E3}.Release|x64.ActiveCfg = Release|x64
		{7BC35A03-B0E0-4182-80E1-A50A2CB5A5E3}.Release|x64.Build.0 = Release|x64
		{7BC35A03-B0E0-4182-80E1-A50A2CB5A5E3}.Debug|x64.ActiveCfg = Debug|x64
		{7BC35A03-B0E0-4182-80E1-A50A2CB5A5E3}.Debug|x64.Build.0 = Debug|x64
		{990AFF9C-CA6F-4E61-8A67-C5C29184A0AC}.Release|x64.ActiveCfg = Release|x64
		{990AFF9C-CA6F-4E61-8A67-C5C29184A0AC}.Release|x64.Build.0 = Release|x64
		{990AFF9C-CA6F-4E61-8A67-C5C29184A0AC}.Debug|x64.ActiveCfg = Debug|x64
		{990AFF9C-CA6F-4E61-8A67-C5C29184A0AC}.Debug|x64.Build.0 = Debug|x64
	EndGlobalSection
	GlobalSection(SolutionProperties) = preSolution
		HideSolutionNode = FALSE
	EndGlobalSection
	GlobalSection(ExtensibilityGlobals) = postSolution
		SolutionGuid = {7166CF48-2680-4020-94B4-211E1852C673}
	EndGlobalSection
EndGlobal
